
Microsoft Visual Studio Solution File, Format Version 12.00
# Visual Studio Version 17
VisualStudioVersion = 17.3.32804.467
MinimumVisualStudioVersion = 10.0.40219.1
Project("{FAE04EC0-301F-11D3-BF4B-00C04F79EFBC}") = "CreaturesSavageWorlds", "CreaturesSavageWorlds.csproj", "{12166F67-5309-4FB3-A8B9-D4E7A16BC90A}"
EndProject
Global
	GlobalSection(SolutionConfigurationPlatforms) = preSolution
		Debug|Any CPU = Debug|Any CPU
		Release|Any CPU = Release|Any CPU
	EndGlobalSection
	GlobalSection(ProjectConfigurationPlatforms) = postSolution
		{12166F67-5309-4FB3-A8B9-D4E7A16BC90A}.Debug|Any CPU.ActiveCfg = Debug|Any CPU
		{12166F67-5309-4FB3-A8B9-D4E7A16BC90A}.Debug|Any CPU.Build.0 = Debug|Any CPU
		{12166F67-5309-4FB3-A8B9-D4E7A16BC90A}.Release|Any CPU.ActiveCfg = Release|Any CPU
		{12166F67-5309-4FB3-A8B9-D4E7A16BC90A}.Release|Any CPU.Build.0 = Release|Any CPU
	EndGlobalSection
	GlobalSection(SolutionProperties) = preSolution
		HideSolutionNode = FALSE
	EndGlobalSection
	GlobalSection(ExtensibilityGlobals) = postSolution
		SolutionGuid = {F235D268-08AB-40A3-B848-715728A4CD8B}
	EndGlobalSection
EndGlobal
